
Microsoft Visual Studio Solution File, Format Version 12.00
# Visual Studio Version 17
VisualStudioVersion = 17.0.31903.59
MinimumVisualStudioVersion = 10.0.40219.1
Project("{FAE04EC0-301F-11D3-BF4B-00C04F79EFBC}") = "LastLinkApi.Domain", "LastLinkApi.Domain\LastLinkApi.Domain.csproj", "{30858CFA-ABB5-463B-B57A-537B843D69FC}"
EndProject
Project("{FAE04EC0-301F-11D3-BF4B-00C04F79EFBC}") = "LastLinkApi.Application", "LastLinkApi.Application\LastLinkApi.Application.csproj", "{5989C840-0626-4002-B76E-1B297CA29CE9}"
EndProject
Project("{FAE04EC0-301F-11D3-BF4B-00C04F79EFBC}") = "LastLinkApi.Infrastructure", "LastLinkApi.Infrastructure\LastLinkApi.Infrastructure.csproj", "{F98A18B1-459C-4C04-9CDF-ADCDF77D7FE0}"
EndProject
Project("{FAE04EC0-301F-11D3-BF4B-00C04F79EFBC}") = "LastLinkApi.Api", "LastLinkApi.Api\LastLinkApi.Api.csproj", "{222ECC99-F6AF-4A5E-BBA7-DEBC16A04859}"
EndProject
Project("{FAE04EC0-301F-11D3-BF4B-00C04F79EFBC}") = "LastLinkApi.Tests", "LastLinkApi.Tests\LastLinkApi.Tests.csproj", "{5BBAA6B0-E718-4C64-93D1-104CB4831AF2}"
EndProject
Global
	GlobalSection(SolutionConfigurationPlatforms) = preSolution
		Debug|Any CPU = Debug|Any CPU
		Debug|x64 = Debug|x64
		Debug|x86 = Debug|x86
		Release|Any CPU = Release|Any CPU
		Release|x64 = Release|x64
		Release|x86 = Release|x86
	EndGlobalSection
	GlobalSection(ProjectConfigurationPlatforms) = postSolution
		{30858CFA-ABB5-463B-B57A-537B843D69FC}.Debug|Any CPU.ActiveCfg = Debug|Any CPU
		{30858CFA-ABB5-463B-B57A-537B843D69FC}.Debug|Any CPU.Build.0 = Debug|Any CPU
		{30858CFA-ABB5-463B-B57A-537B843D69FC}.Debug|x64.ActiveCfg = Debug|Any CPU
		{30858CFA-ABB5-463B-B57A-537B843D69FC}.Debug|x64.Build.0 = Debug|Any CPU
		{30858CFA-ABB5-463B-B57A-537B843D69FC}.Debug|x86.ActiveCfg = Debug|Any CPU
		{30858CFA-ABB5-463B-B57A-537B843D69FC}.Debug|x86.Build.0 = Debug|Any CPU
		{30858CFA-ABB5-463B-B57A-537B843D69FC}.Release|Any CPU.ActiveCfg = Release|Any CPU
		{30858CFA-ABB5-463B-B57A-537B843D69FC}.Release|Any CPU.Build.0 = Release|Any CPU
		{30858CFA-ABB5-463B-B57A-537B843D69FC}.Release|x64.ActiveCfg = Release|Any CPU
		{30858CFA-ABB5-463B-B57A-537B843D69FC}.Release|x64.Build.0 = Release|Any CPU
		{30858CFA-ABB5-463B-B57A-537B843D69FC}.Release|x86.ActiveCfg = Release|Any CPU
		{30858CFA-ABB5-463B-B57A-537B843D69FC}.Release|x86.Build.0 = Release|Any CPU
		{5989C840-0626-4002-B76E-1B297CA29CE9}.Debug|Any CPU.ActiveCfg = Debug|Any CPU
		{5989C840-0626-4002-B76E-1B297CA29CE9}.Debug|Any CPU.Build.0 = Debug|Any CPU
		{5989C840-0626-4002-B76E-1B297CA29CE9}.Debug|x64.ActiveCfg = Debug|Any CPU
		{5989C840-0626-4002-B76E-1B297CA29CE9}.Debug|x64.Build.0 = Debug|Any CPU
		{5989C840-0626-4002-B76E-1B297CA29CE9}.Debug|x86.ActiveCfg = Debug|Any CPU
		{5989C840-0626-4002-B76E-1B297CA29CE9}.Debug|x86.Build.0 = Debug|Any CPU
		{5989C840-0626-4002-B76E-1B297CA29CE9}.Release|Any CPU.ActiveCfg = Release|Any CPU
		{5989C840-0626-4002-B76E-1B297CA29CE9}.Release|Any CPU.Build.0 = Release|Any CPU
		{5989C840-0626-4002-B76E-1B297CA29CE9}.Release|x64.ActiveCfg = Release|Any CPU
		{5989C840-0626-4002-B76E-1B297CA29CE9}.Release|x64.Build.0 = Release|Any CPU
		{5989C840-0626-4002-B76E-1B297CA29CE9}.Release|x86.ActiveCfg = Release|Any CPU
		{5989C840-0626-4002-B76E-1B297CA29CE9}.Release|x86.Build.0 = Release|Any CPU
		{F98A18B1-459C-4C04-9CDF-ADCDF77D7FE0}.Debug|Any CPU.ActiveCfg = Debug|Any CPU
		{F98A18B1-459C-4C04-9CDF-ADCDF77D7FE0}.Debug|Any CPU.Build.0 = Debug|Any CPU
		{F98A18B1-459C-4C04-9CDF-ADCDF77D7FE0}.Debug|x64.ActiveCfg = Debug|Any CPU
		{F98A18B1-459C-4C04-9CDF-ADCDF77D7FE0}.Debug|x64.Build.0 = Debug|Any CPU
		{F98A18B1-459C-4C04-9CDF-ADCDF77D7FE0}.Debug|x86.ActiveCfg = Debug|Any CPU
		{F98A18B1-459C-4C04-9CDF-ADCDF77D7FE0}.Debug|x86.Build.0 = Debug|Any CPU
		{F98A18B1-459C-4C04-9CDF-ADCDF77D7FE0}.Release|Any CPU.ActiveCfg = Release|Any CPU
		{F98A18B1-459C-4C04-9CDF-ADCDF77D7FE0}.Release|Any CPU.Build.0 = Release|Any CPU
		{F98A18B1-459C-4C04-9CDF-ADCDF77D7FE0}.Release|x64.ActiveCfg = Release|Any CPU
		{F98A18B1-459C-4C04-9CDF-ADCDF77D7FE0}.Release|x64.Build.0 = Release|Any CPU
		{F98A18B1-459C-4C04-9CDF-ADCDF77D7FE0}.Release|x86.ActiveCfg = Release|Any CPU
		{F98A18B1-459C-4C04-9CDF-ADCDF77D7FE0}.Release|x86.Build.0 = Release|Any CPU
		{222ECC99-F6AF-4A5E-BBA7-DEBC16A04859}.Debug|Any CPU.ActiveCfg = Debug|Any CPU
		{222ECC99-F6AF-4A5E-BBA7-DEBC16A04859}.Debug|Any CPU.Build.0 = Debug|Any CPU
		{222ECC99-F6AF-4A5E-BBA7-DEBC16A04859}.Debug|x64.ActiveCfg = Debug|Any CPU
		{222ECC99-F6AF-4A5E-BBA7-DEBC16A04859}.Debug|x64.Build.0 = Debug|Any CPU
		{222ECC99-F6AF-4A5E-BBA7-DEBC16A04859}.Debug|x86.ActiveCfg = Debug|Any CPU
		{222ECC99-F6AF-4A5E-BBA7-DEBC16A04859}.Debug|x86.Build.0 = Debug|Any CPU
		{222ECC99-F6AF-4A5E-BBA7-DEBC16A04859}.Release|Any CPU.ActiveCfg = Release|Any CPU
		{222ECC99-F6AF-4A5E-BBA7-DEBC16A04859}.Release|Any CPU.Build.0 = Release|Any CPU
		{222ECC99-F6AF-4A5E-BBA7-DEBC16A04859}.Release|x64.ActiveCfg = Release|Any CPU
		{222ECC99-F6AF-4A5E-BBA7-DEBC16A04859}.Release|x64.Build.0 = Release|Any CPU
		{222ECC99-F6AF-4A5E-BBA7-DEBC16A04859}.Release|x86.ActiveCfg = Release|Any CPU
		{222ECC99-F6AF-4A5E-BBA7-DEBC16A04859}.Release|x86.Build.0 = Release|Any CPU
		{5BBAA6B0-E718-4C64-93D1-104CB4831AF2}.Debug|Any CPU.ActiveCfg = Debug|Any CPU
		{5BBAA6B0-E718-4C64-93D1-104CB4831AF2}.Debug|Any CPU.Build.0 = Debug|Any CPU
		{5BBAA6B0-E718-4C64-93D1-104CB4831AF2}.Debug|x64.ActiveCfg = Debug|Any CPU
		{5BBAA6B0-E718-4C64-93D1-104CB4831AF2}.Debug|x64.Build.0 = Debug|Any CPU
		{5BBAA6B0-E718-4C64-93D1-104CB4831AF2}.Debug|x86.ActiveCfg = Debug|Any CPU
		{5BBAA6B0-E718-4C64-93D1-104CB4831AF2}.Debug|x86.Build.0 = Debug|Any CPU
		{5BBAA6B0-E718-4C64-93D1-104CB4831AF2}.Release|Any CPU.ActiveCfg = Release|Any CPU
		{5BBAA6B0-E718-4C64-93D1-104CB4831AF2}.Release|Any CPU.Build.0 = Release|Any CPU
		{5BBAA6B0-E718-4C64-93D1-104CB4831AF2}.Release|x64.ActiveCfg = Release|Any CPU
		{5BBAA6B0-E718-4C64-93D1-104CB4831AF2}.Release|x64.Build.0 = Release|Any CPU
		{5BBAA6B0-E718-4C64-93D1-104CB4831AF2}.Release|x86.ActiveCfg = Release|Any CPU
		{5BBAA6B0-E718-4C64-93D1-104CB4831AF2}.Release|x86.Build.0 = Release|Any CPU
	EndGlobalSection
	GlobalSection(SolutionProperties) = preSolution
		HideSolutionNode = FALSE
	EndGlobalSection
EndGlobal
